
Microsoft Visual Studio Solution File, Format Version 12.00
Project("{FAE04EC0-301F-11D3-BF4B-00C04F79EFBC}") = "TrexDcas.Sht1x", "TrexDcas.Sht1x\TrexDcas.Sht1x.csproj", "{C60BA4A9-0D51-4948-9721-6D7231B85DC6}"
EndProject
Project("{FAE04EC0-301F-11D3-BF4B-00C04F79EFBC}") = "TrexDcas.Sht1x.Samples.Console", "TrexDcas.Sht1x.Samples.Console\TrexDcas.Sht1x.Samples.Console.csproj", "{4871A595-C52C-447B-9DFA-AEA1AB920B8B}"
EndProject
Global
	GlobalSection(SolutionConfigurationPlatforms) = preSolution
		Debug|Any CPU = Debug|Any CPU
		Release|Any CPU = Release|Any CPU
	EndGlobalSection
	GlobalSection(ProjectConfigurationPlatforms) = postSolution
		{C60BA4A9-0D51-4948-9721-6D7231B85DC6}.Debug|Any CPU.ActiveCfg = Debug|Any CPU
		{C60BA4A9-0D51-4948-9721-6D7231B85DC6}.Debug|Any CPU.Build.0 = Debug|Any CPU
		{C60BA4A9-0D51-4948-9721-6D7231B85DC6}.Release|Any CPU.ActiveCfg = Release|Any CPU
		{C60BA4A9-0D51-4948-9721-6D7231B85DC6}.Release|Any CPU.Build.0 = Release|Any CPU
		{4871A595-C52C-447B-9DFA-AEA1AB920B8B}.Debug|Any CPU.ActiveCfg = Debug|Any CPU
		{4871A595-C52C-447B-9DFA-AEA1AB920B8B}.Debug|Any CPU.Build.0 = Debug|Any CPU
		{4871A595-C52C-447B-9DFA-AEA1AB920B8B}.Release|Any CPU.ActiveCfg = Release|Any CPU
		{4871A595-C52C-447B-9DFA-AEA1AB920B8B}.Release|Any CPU.Build.0 = Release|Any CPU
	EndGlobalSection
EndGlobal
